// !$*UTF8*$!
{
	archiveVersion = 1;
	classes = {
	};
	objectVersion = 56;
	objects = {

/* Begin PBXBuildFile section */
		473812372C5E622700C86215 /* StudyRoomRepository.swift in Sources */ = {isa = PBXBuildFile; fileRef = 473812362C5E622700C86215 /* StudyRoomRepository.swift */; };
		473BF76F2C7E9C17002B7242 /* Haptic.swift in Sources */ = {isa = PBXBuildFile; fileRef = 473BF76E2C7E9C17002B7242 /* Haptic.swift */; };
		473BF7712C7EB4D0002B7242 /* RemoteConfig.swift in Sources */ = {isa = PBXBuildFile; fileRef = 473BF7702C7EB4D0002B7242 /* RemoteConfig.swift */; };
		473BF7732C7EC1DF002B7242 /* HomeViewModel.swift in Sources */ = {isa = PBXBuildFile; fileRef = 473BF7722C7EC1DF002B7242 /* HomeViewModel.swift */; };
		473BF7752C7EC277002B7242 /* WiseSaying.swift in Sources */ = {isa = PBXBuildFile; fileRef = 473BF7742C7EC277002B7242 /* WiseSaying.swift */; };
		473E03692C6AE0B700F3E0FC /* FirestoreEndpoint.swift in Sources */ = {isa = PBXBuildFile; fileRef = 473E03682C6AE0B700F3E0FC /* FirestoreEndpoint.swift */; };
		473E036B2C6AE17E00F3E0FC /* FirestoreIdentifiable.swift in Sources */ = {isa = PBXBuildFile; fileRef = 473E036A2C6AE17E00F3E0FC /* FirestoreIdentifiable.swift */; };
		473E036D2C6AE1B900F3E0FC /* FirestoreServiceError.swift in Sources */ = {isa = PBXBuildFile; fileRef = 473E036C2C6AE1B900F3E0FC /* FirestoreServiceError.swift */; };
		473E036F2C6AE1F100F3E0FC /* FirestoreService.swift in Sources */ = {isa = PBXBuildFile; fileRef = 473E036E2C6AE1F100F3E0FC /* FirestoreService.swift */; };
		473E03712C6AE25900F3E0FC /* FirestoreParser.swift in Sources */ = {isa = PBXBuildFile; fileRef = 473E03702C6AE25900F3E0FC /* FirestoreParser.swift */; };
		473E03782C6AF20B00F3E0FC /* Endpoint.swift in Sources */ = {isa = PBXBuildFile; fileRef = 473E03772C6AF20B00F3E0FC /* Endpoint.swift */; };
		475C01142C526D2500FB5556 /* LocalNotificationService.swift in Sources */ = {isa = PBXBuildFile; fileRef = 475C01132C526D2500FB5556 /* LocalNotificationService.swift */; };
		4768F20D2C7DA3CC009815FC /* Color+.swift in Sources */ = {isa = PBXBuildFile; fileRef = 4768F20C2C7DA3CC009815FC /* Color+.swift */; };
		477017852C63C9D8003F3702 /* UserRepository.swift in Sources */ = {isa = PBXBuildFile; fileRef = 477017842C63C9D8003F3702 /* UserRepository.swift */; };
		478442BA2C76264300C62E89 /* Pretendard-Regular.otf in Resources */ = {isa = PBXBuildFile; fileRef = 478442AA2C76264200C62E89 /* Pretendard-Regular.otf */; };
		478442BB2C76264300C62E89 /* SUITE-ExtraBold.otf in Resources */ = {isa = PBXBuildFile; fileRef = 478442AB2C76264200C62E89 /* SUITE-ExtraBold.otf */; };
		478442BC2C76264300C62E89 /* SUITE-Medium.otf in Resources */ = {isa = PBXBuildFile; fileRef = 478442AC2C76264200C62E89 /* SUITE-Medium.otf */; };
		478442BD2C76264300C62E89 /* SUITE-Regular.otf in Resources */ = {isa = PBXBuildFile; fileRef = 478442AD2C76264200C62E89 /* SUITE-Regular.otf */; };
		478442BE2C76264300C62E89 /* SUITE-SemiBold.otf in Resources */ = {isa = PBXBuildFile; fileRef = 478442AE2C76264200C62E89 /* SUITE-SemiBold.otf */; };
		478442BF2C76264300C62E89 /* Pretendard-Medium.otf in Resources */ = {isa = PBXBuildFile; fileRef = 478442AF2C76264200C62E89 /* Pretendard-Medium.otf */; };
		478442C02C76264300C62E89 /* Pretendard-Thin.otf in Resources */ = {isa = PBXBuildFile; fileRef = 478442B02C76264200C62E89 /* Pretendard-Thin.otf */; };
		478442C12C76264300C62E89 /* Pretendard-Bold.otf in Resources */ = {isa = PBXBuildFile; fileRef = 478442B12C76264200C62E89 /* Pretendard-Bold.otf */; };
		478442C22C76264300C62E89 /* Pretendard-SemiBold.otf in Resources */ = {isa = PBXBuildFile; fileRef = 478442B22C76264200C62E89 /* Pretendard-SemiBold.otf */; };
		478442C32C76264300C62E89 /* Pretendard-ExtraBold.otf in Resources */ = {isa = PBXBuildFile; fileRef = 478442B32C76264200C62E89 /* Pretendard-ExtraBold.otf */; };
		478442C42C76264300C62E89 /* SUITE-Heavy.otf in Resources */ = {isa = PBXBuildFile; fileRef = 478442B42C76264200C62E89 /* SUITE-Heavy.otf */; };
		478442C52C76264300C62E89 /* Pretendard-Black.otf in Resources */ = {isa = PBXBuildFile; fileRef = 478442B52C76264200C62E89 /* Pretendard-Black.otf */; };
		478442C62C76264300C62E89 /* SUITE-Bold.otf in Resources */ = {isa = PBXBuildFile; fileRef = 478442B62C76264200C62E89 /* SUITE-Bold.otf */; };
		478442C72C76264300C62E89 /* Pretendard-ExtraLight.otf in Resources */ = {isa = PBXBuildFile; fileRef = 478442B72C76264200C62E89 /* Pretendard-ExtraLight.otf */; };
		478442C82C76264300C62E89 /* Pretendard-Light.otf in Resources */ = {isa = PBXBuildFile; fileRef = 478442B82C76264300C62E89 /* Pretendard-Light.otf */; };
		478442C92C76264300C62E89 /* SUITE-Light.otf in Resources */ = {isa = PBXBuildFile; fileRef = 478442B92C76264300C62E89 /* SUITE-Light.otf */; };
		478442CC2C76344000C62E89 /* OnBoardingView.swift in Sources */ = {isa = PBXBuildFile; fileRef = 478442CB2C76344000C62E89 /* OnBoardingView.swift */; };
		478442CE2C7634A200C62E89 /* OnBoardingPageView.swift in Sources */ = {isa = PBXBuildFile; fileRef = 478442CD2C7634A200C62E89 /* OnBoardingPageView.swift */; };
		4790ECDC2C57EDC9002FCCAF /* Constants.swift in Sources */ = {isa = PBXBuildFile; fileRef = 4790ECDB2C57EDC9002FCCAF /* Constants.swift */; };
		4790ECDE2C57F9E5002FCCAF /* HomeView.swift in Sources */ = {isa = PBXBuildFile; fileRef = 4790ECDD2C57F9E5002FCCAF /* HomeView.swift */; };
		47A004742C594376000AC842 /* Publisher+.swift in Sources */ = {isa = PBXBuildFile; fileRef = 47A004732C594376000AC842 /* Publisher+.swift */; };
		47A7EA772C6276330025594F /* GoogleService-Info.plist in Resources */ = {isa = PBXBuildFile; fileRef = 47A7EA762C6276330025594F /* GoogleService-Info.plist */; };
		47AA66FB2C6E2FCE007CDD2B /* WebView.swift in Sources */ = {isa = PBXBuildFile; fileRef = 47AA66FA2C6E2FCE007CDD2B /* WebView.swift */; };
		47D07F942C6461E100F6109F /* SignUpView.swift in Sources */ = {isa = PBXBuildFile; fileRef = 47D07F932C6461E100F6109F /* SignUpView.swift */; };
		47D07F982C64A8B500F6109F /* SplashView.swift in Sources */ = {isa = PBXBuildFile; fileRef = 47D07F972C64A8B500F6109F /* SplashView.swift */; };
		47D4CEC22C75C8F7005C126B /* TimeInterval+.swift in Sources */ = {isa = PBXBuildFile; fileRef = 47D4CEC12C75C8F7005C126B /* TimeInterval+.swift */; };
		47D72F642C7D76C2001B514D /* Launch Screen.storyboard in Resources */ = {isa = PBXBuildFile; fileRef = 47D72F632C7D76C2001B514D /* Launch Screen.storyboard */; };
		47E0A8C52C51177B009F1BA9 /* TimerViewModel.swift in Sources */ = {isa = PBXBuildFile; fileRef = 47E0A8C42C51177B009F1BA9 /* TimerViewModel.swift */; };
		47E0A8C72C511B72009F1BA9 /* CalendarViewModel.swift in Sources */ = {isa = PBXBuildFile; fileRef = 47E0A8C62C511B72009F1BA9 /* CalendarViewModel.swift */; };
		5E029B5A2C4157C20091249A /* User.swift in Sources */ = {isa = PBXBuildFile; fileRef = 5E029B592C4157C20091249A /* User.swift */; };
		5E029B5F2C4159EC0091249A /* RandomNonceString.swift in Sources */ = {isa = PBXBuildFile; fileRef = 5E029B5E2C4159EC0091249A /* RandomNonceString.swift */; };
		5E029B612C415A2D0091249A /* SHA256.swift in Sources */ = {isa = PBXBuildFile; fileRef = 5E029B602C415A2D0091249A /* SHA256.swift */; };
		5E5B0BD32C3289D500936435 /* UIColor+.swift in Sources */ = {isa = PBXBuildFile; fileRef = 5E5B0BD22C3289D500936435 /* UIColor+.swift */; };
		5E5B0BD52C328A1000936435 /* CustomText.swift in Sources */ = {isa = PBXBuildFile; fileRef = 5E5B0BD42C328A1000936435 /* CustomText.swift */; };
		5E5CD43F2C3698A4002CE244 /* CustomButton.swift in Sources */ = {isa = PBXBuildFile; fileRef = 5E5CD43E2C3698A4002CE244 /* CustomButton.swift */; };
		5E5CD4412C369994002CE244 /* UIScreen+.swift in Sources */ = {isa = PBXBuildFile; fileRef = 5E5CD4402C369994002CE244 /* UIScreen+.swift */; };
		5E89D79A2C35855F00C9CB71 /* Font+.swift in Sources */ = {isa = PBXBuildFile; fileRef = 5E89D7992C35855F00C9CB71 /* Font+.swift */; };
		5EE304312C3FDCE40002C49E /* FirebaseAnalytics in Frameworks */ = {isa = PBXBuildFile; productRef = 5EE304302C3FDCE40002C49E /* FirebaseAnalytics */; };
		5EE304332C3FDCE40002C49E /* FirebaseAnalyticsOnDeviceConversion in Frameworks */ = {isa = PBXBuildFile; productRef = 5EE304322C3FDCE40002C49E /* FirebaseAnalyticsOnDeviceConversion */; };
		5EE304352C3FDCE40002C49E /* FirebaseAnalyticsSwift in Frameworks */ = {isa = PBXBuildFile; productRef = 5EE304342C3FDCE40002C49E /* FirebaseAnalyticsSwift */; };
		5EE304372C3FDCE40002C49E /* FirebaseAnalyticsWithoutAdIdSupport in Frameworks */ = {isa = PBXBuildFile; productRef = 5EE304362C3FDCE40002C49E /* FirebaseAnalyticsWithoutAdIdSupport */; };
		5EE304392C3FDCE40002C49E /* FirebaseAppCheck in Frameworks */ = {isa = PBXBuildFile; productRef = 5EE304382C3FDCE40002C49E /* FirebaseAppCheck */; };
		5EE3043B2C3FDCE40002C49E /* FirebaseAppDistribution-Beta in Frameworks */ = {isa = PBXBuildFile; productRef = 5EE3043A2C3FDCE40002C49E /* FirebaseAppDistribution-Beta */; };
		5EE3043D2C3FDCE40002C49E /* FirebaseAuth in Frameworks */ = {isa = PBXBuildFile; productRef = 5EE3043C2C3FDCE40002C49E /* FirebaseAuth */; };
		5EE3043F2C3FDCE40002C49E /* FirebaseAuthCombine-Community in Frameworks */ = {isa = PBXBuildFile; productRef = 5EE3043E2C3FDCE40002C49E /* FirebaseAuthCombine-Community */; };
		5EE304412C3FDCE40002C49E /* FirebaseCrashlytics in Frameworks */ = {isa = PBXBuildFile; productRef = 5EE304402C3FDCE40002C49E /* FirebaseCrashlytics */; };
		5EE304432C3FDCE40002C49E /* FirebaseDatabase in Frameworks */ = {isa = PBXBuildFile; productRef = 5EE304422C3FDCE40002C49E /* FirebaseDatabase */; };
		5EE304452C3FDCE40002C49E /* FirebaseDatabaseSwift in Frameworks */ = {isa = PBXBuildFile; productRef = 5EE304442C3FDCE40002C49E /* FirebaseDatabaseSwift */; };
		5EE304472C3FDCE40002C49E /* FirebaseDynamicLinks in Frameworks */ = {isa = PBXBuildFile; productRef = 5EE304462C3FDCE40002C49E /* FirebaseDynamicLinks */; };
		5EE304492C3FDCE40002C49E /* FirebaseFirestore in Frameworks */ = {isa = PBXBuildFile; productRef = 5EE304482C3FDCE40002C49E /* FirebaseFirestore */; };
		5EE3044B2C3FDCE40002C49E /* FirebaseFirestoreCombine-Community in Frameworks */ = {isa = PBXBuildFile; productRef = 5EE3044A2C3FDCE40002C49E /* FirebaseFirestoreCombine-Community */; };
		5EE3044D2C3FDCE40002C49E /* FirebaseFirestoreSwift in Frameworks */ = {isa = PBXBuildFile; productRef = 5EE3044C2C3FDCE40002C49E /* FirebaseFirestoreSwift */; };
		5EE3044F2C3FDCE40002C49E /* FirebaseFunctions in Frameworks */ = {isa = PBXBuildFile; productRef = 5EE3044E2C3FDCE40002C49E /* FirebaseFunctions */; };
		5EE304512C3FDCE40002C49E /* FirebaseFunctionsCombine-Community in Frameworks */ = {isa = PBXBuildFile; productRef = 5EE304502C3FDCE40002C49E /* FirebaseFunctionsCombine-Community */; };
		5EE304532C3FDCE40002C49E /* FirebaseInAppMessaging-Beta in Frameworks */ = {isa = PBXBuildFile; productRef = 5EE304522C3FDCE40002C49E /* FirebaseInAppMessaging-Beta */; };
		5EE304552C3FDCE40002C49E /* FirebaseInAppMessagingSwift-Beta in Frameworks */ = {isa = PBXBuildFile; productRef = 5EE304542C3FDCE40002C49E /* FirebaseInAppMessagingSwift-Beta */; };
		5EE304572C3FDCE40002C49E /* FirebaseInstallations in Frameworks */ = {isa = PBXBuildFile; productRef = 5EE304562C3FDCE40002C49E /* FirebaseInstallations */; };
		5EE304592C3FDCE40002C49E /* FirebaseMLModelDownloader in Frameworks */ = {isa = PBXBuildFile; productRef = 5EE304582C3FDCE40002C49E /* FirebaseMLModelDownloader */; };
		5EE3045B2C3FDCE40002C49E /* FirebaseMessaging in Frameworks */ = {isa = PBXBuildFile; productRef = 5EE3045A2C3FDCE40002C49E /* FirebaseMessaging */; };
		5EE3045D2C3FDCE40002C49E /* FirebasePerformance in Frameworks */ = {isa = PBXBuildFile; productRef = 5EE3045C2C3FDCE40002C49E /* FirebasePerformance */; };
		5EE3045F2C3FDCE40002C49E /* FirebaseRemoteConfig in Frameworks */ = {isa = PBXBuildFile; productRef = 5EE3045E2C3FDCE40002C49E /* FirebaseRemoteConfig */; };
		5EE304612C3FDCE40002C49E /* FirebaseRemoteConfigSwift in Frameworks */ = {isa = PBXBuildFile; productRef = 5EE304602C3FDCE40002C49E /* FirebaseRemoteConfigSwift */; };
		5EE304632C3FDCE40002C49E /* FirebaseStorage in Frameworks */ = {isa = PBXBuildFile; productRef = 5EE304622C3FDCE40002C49E /* FirebaseStorage */; };
		5EE304652C3FDCE40002C49E /* FirebaseStorageCombine-Community in Frameworks */ = {isa = PBXBuildFile; productRef = 5EE304642C3FDCE40002C49E /* FirebaseStorageCombine-Community */; };
		5EE304672C3FDCE40002C49E /* FirebaseVertexAI-Preview in Frameworks */ = {isa = PBXBuildFile; productRef = 5EE304662C3FDCE40002C49E /* FirebaseVertexAI-Preview */; };
		5EE304982C40204E0002C49E /* DIContainer.swift in Sources */ = {isa = PBXBuildFile; fileRef = 5EE304972C40204E0002C49E /* DIContainer.swift */; };
		5EE3049D2C4022990002C49E /* AuthenticationService.swift in Sources */ = {isa = PBXBuildFile; fileRef = 5EE3049C2C4022990002C49E /* AuthenticationService.swift */; };
		5EE304A02C4023960002C49E /* InitialView.swift in Sources */ = {isa = PBXBuildFile; fileRef = 5EE3049F2C4023960002C49E /* InitialView.swift */; };
		5EE304A22C4023A40002C49E /* AuthViewModel.swift in Sources */ = {isa = PBXBuildFile; fileRef = 5EE304A12C4023A40002C49E /* AuthViewModel.swift */; };
		8252CCDC2C40396100690D75 /* Calendar.swift in Sources */ = {isa = PBXBuildFile; fileRef = 8252CCDB2C40396100690D75 /* Calendar.swift */; };
		8252CCDE2C40440600690D75 /* CalendarCell.swift in Sources */ = {isa = PBXBuildFile; fileRef = 8252CCDD2C40440600690D75 /* CalendarCell.swift */; };
		8252CCE02C404A7300690D75 /* Day.swift in Sources */ = {isa = PBXBuildFile; fileRef = 8252CCDF2C404A7300690D75 /* Day.swift */; };
		825665792C35202E0018C799 /* MenuViewModel.swift in Sources */ = {isa = PBXBuildFile; fileRef = 825665782C35202E0018C799 /* MenuViewModel.swift */; };
		825668A52C367ED30066B216 /* CustomNavBarModifier.swift in Sources */ = {isa = PBXBuildFile; fileRef = 825668A42C367ED30066B216 /* CustomNavBarModifier.swift */; };
		825668A72C367F130066B216 /* View+.swift in Sources */ = {isa = PBXBuildFile; fileRef = 825668A62C367F130066B216 /* View+.swift */; };
		825668A92C36855A0066B216 /* UINavigationController+.swift in Sources */ = {isa = PBXBuildFile; fileRef = 825668A82C36855A0066B216 /* UINavigationController+.swift */; };
		8270C9912C4D48A0000EB06A /* ServiceError.swift in Sources */ = {isa = PBXBuildFile; fileRef = 8270C9902C4D48A0000EB06A /* ServiceError.swift */; };
		8270C9962C4D4AAE000EB06A /* ViewModelType.swift in Sources */ = {isa = PBXBuildFile; fileRef = 8270C9952C4D4AAE000EB06A /* ViewModelType.swift */; };
		8274CF3B2C33DBC800FBFA9D /* LoginView.swift in Sources */ = {isa = PBXBuildFile; fileRef = 8274CF3A2C33DBC800FBFA9D /* LoginView.swift */; };
		8274CF3D2C33DE2300FBFA9D /* MenuView.swift in Sources */ = {isa = PBXBuildFile; fileRef = 8274CF3C2C33DE2300FBFA9D /* MenuView.swift */; };
		827C18C72C48FC5100B4AAEA /* CustomPicker.swift in Sources */ = {isa = PBXBuildFile; fileRef = 827C18C62C48FC5100B4AAEA /* CustomPicker.swift */; };
		828FF2B32C3E71F1001A4ADE /* DialogModifier.swift in Sources */ = {isa = PBXBuildFile; fileRef = 828FF2B22C3E71F1001A4ADE /* DialogModifier.swift */; };
		82AB4F1D2C3EBF5400787B3B /* AlertModifier.swift in Sources */ = {isa = PBXBuildFile; fileRef = 82AB4F1C2C3EBF5400787B3B /* AlertModifier.swift */; };
		82AB4F232C3EEE6D00787B3B /* Date+.swift in Sources */ = {isa = PBXBuildFile; fileRef = 82AB4F222C3EEE6D00787B3B /* Date+.swift */; };
		82B1FE7B2C3BC567002D9163 /* Quote.swift in Sources */ = {isa = PBXBuildFile; fileRef = 82B1FE7A2C3BC567002D9163 /* Quote.swift */; };
		82B1FE812C3C1755002D9163 /* CustomButton2.swift in Sources */ = {isa = PBXBuildFile; fileRef = 82B1FE802C3C1755002D9163 /* CustomButton2.swift */; };
		82B1FE832C3C1BCD002D9163 /* TimeLapse.swift in Sources */ = {isa = PBXBuildFile; fileRef = 82B1FE822C3C1BCD002D9163 /* TimeLapse.swift */; };
		82D4D6142C327BDC00A92327 /* HongikYeolgong2_iOSApp.swift in Sources */ = {isa = PBXBuildFile; fileRef = 82D4D6132C327BDC00A92327 /* HongikYeolgong2_iOSApp.swift */; };
		82D4D6182C327BDF00A92327 /* Assets.xcassets in Resources */ = {isa = PBXBuildFile; fileRef = 82D4D6172C327BDF00A92327 /* Assets.xcassets */; };
		82D4D61B2C327BDF00A92327 /* Preview Assets.xcassets in Resources */ = {isa = PBXBuildFile; fileRef = 82D4D61A2C327BDF00A92327 /* Preview Assets.xcassets */; };
		82E15A712C48218B004951BE /* DependencyWrapper.swift in Sources */ = {isa = PBXBuildFile; fileRef = 82E15A702C48218B004951BE /* DependencyWrapper.swift */; };
/* End PBXBuildFile section */

/* Begin PBXFileReference section */
		473812362C5E622700C86215 /* StudyRoomRepository.swift */ = {isa = PBXFileReference; lastKnownFileType = sourcecode.swift; path = StudyRoomRepository.swift; sourceTree = "<group>"; };
		473BF76E2C7E9C17002B7242 /* Haptic.swift */ = {isa = PBXFileReference; lastKnownFileType = sourcecode.swift; path = Haptic.swift; sourceTree = "<group>"; };
		473BF7702C7EB4D0002B7242 /* RemoteConfig.swift */ = {isa = PBXFileReference; lastKnownFileType = sourcecode.swift; path = RemoteConfig.swift; sourceTree = "<group>"; };
		473BF7722C7EC1DF002B7242 /* HomeViewModel.swift */ = {isa = PBXFileReference; lastKnownFileType = sourcecode.swift; path = HomeViewModel.swift; sourceTree = "<group>"; };
		473BF7742C7EC277002B7242 /* WiseSaying.swift */ = {isa = PBXFileReference; lastKnownFileType = sourcecode.swift; path = WiseSaying.swift; sourceTree = "<group>"; };
		473E03682C6AE0B700F3E0FC /* FirestoreEndpoint.swift */ = {isa = PBXFileReference; lastKnownFileType = sourcecode.swift; path = FirestoreEndpoint.swift; sourceTree = "<group>"; };
		473E036A2C6AE17E00F3E0FC /* FirestoreIdentifiable.swift */ = {isa = PBXFileReference; lastKnownFileType = sourcecode.swift; path = FirestoreIdentifiable.swift; sourceTree = "<group>"; };
		473E036C2C6AE1B900F3E0FC /* FirestoreServiceError.swift */ = {isa = PBXFileReference; lastKnownFileType = sourcecode.swift; path = FirestoreServiceError.swift; sourceTree = "<group>"; };
		473E036E2C6AE1F100F3E0FC /* FirestoreService.swift */ = {isa = PBXFileReference; lastKnownFileType = sourcecode.swift; path = FirestoreService.swift; sourceTree = "<group>"; };
		473E03702C6AE25900F3E0FC /* FirestoreParser.swift */ = {isa = PBXFileReference; lastKnownFileType = sourcecode.swift; path = FirestoreParser.swift; sourceTree = "<group>"; };
		473E03772C6AF20B00F3E0FC /* Endpoint.swift */ = {isa = PBXFileReference; lastKnownFileType = sourcecode.swift; path = Endpoint.swift; sourceTree = "<group>"; };
		475C01132C526D2500FB5556 /* LocalNotificationService.swift */ = {isa = PBXFileReference; lastKnownFileType = sourcecode.swift; path = LocalNotificationService.swift; sourceTree = "<group>"; };
		4768F20C2C7DA3CC009815FC /* Color+.swift */ = {isa = PBXFileReference; lastKnownFileType = sourcecode.swift; path = "Color+.swift"; sourceTree = "<group>"; };
		477017842C63C9D8003F3702 /* UserRepository.swift */ = {isa = PBXFileReference; lastKnownFileType = sourcecode.swift; path = UserRepository.swift; sourceTree = "<group>"; };
		478442AA2C76264200C62E89 /* Pretendard-Regular.otf */ = {isa = PBXFileReference; lastKnownFileType = file; name = "Pretendard-Regular.otf"; path = "../../../../Font/Pretendard-Regular.otf"; sourceTree = "<group>"; };
		478442AB2C76264200C62E89 /* SUITE-ExtraBold.otf */ = {isa = PBXFileReference; lastKnownFileType = file; name = "SUITE-ExtraBold.otf"; path = "../../../../Font/SUITE-ExtraBold.otf"; sourceTree = "<group>"; };
		478442AC2C76264200C62E89 /* SUITE-Medium.otf */ = {isa = PBXFileReference; lastKnownFileType = file; name = "SUITE-Medium.otf"; path = "../../../../Font/SUITE-Medium.otf"; sourceTree = "<group>"; };
		478442AD2C76264200C62E89 /* SUITE-Regular.otf */ = {isa = PBXFileReference; lastKnownFileType = file; name = "SUITE-Regular.otf"; path = "../../../../Font/SUITE-Regular.otf"; sourceTree = "<group>"; };
		478442AE2C76264200C62E89 /* SUITE-SemiBold.otf */ = {isa = PBXFileReference; lastKnownFileType = file; name = "SUITE-SemiBold.otf"; path = "../../../../Font/SUITE-SemiBold.otf"; sourceTree = "<group>"; };
		478442AF2C76264200C62E89 /* Pretendard-Medium.otf */ = {isa = PBXFileReference; lastKnownFileType = file; name = "Pretendard-Medium.otf"; path = "../../../../Font/Pretendard-Medium.otf"; sourceTree = "<group>"; };
		478442B02C76264200C62E89 /* Pretendard-Thin.otf */ = {isa = PBXFileReference; lastKnownFileType = file; name = "Pretendard-Thin.otf"; path = "../../../../Font/Pretendard-Thin.otf"; sourceTree = "<group>"; };
		478442B12C76264200C62E89 /* Pretendard-Bold.otf */ = {isa = PBXFileReference; lastKnownFileType = file; name = "Pretendard-Bold.otf"; path = "../../../../Font/Pretendard-Bold.otf"; sourceTree = "<group>"; };
		478442B22C76264200C62E89 /* Pretendard-SemiBold.otf */ = {isa = PBXFileReference; lastKnownFileType = file; name = "Pretendard-SemiBold.otf"; path = "../../../../Font/Pretendard-SemiBold.otf"; sourceTree = "<group>"; };
		478442B32C76264200C62E89 /* Pretendard-ExtraBold.otf */ = {isa = PBXFileReference; lastKnownFileType = file; name = "Pretendard-ExtraBold.otf"; path = "../../../../Font/Pretendard-ExtraBold.otf"; sourceTree = "<group>"; };
		478442B42C76264200C62E89 /* SUITE-Heavy.otf */ = {isa = PBXFileReference; lastKnownFileType = file; name = "SUITE-Heavy.otf"; path = "../../../../Font/SUITE-Heavy.otf"; sourceTree = "<group>"; };
		478442B52C76264200C62E89 /* Pretendard-Black.otf */ = {isa = PBXFileReference; lastKnownFileType = file; name = "Pretendard-Black.otf"; path = "../../../../Font/Pretendard-Black.otf"; sourceTree = "<group>"; };
		478442B62C76264200C62E89 /* SUITE-Bold.otf */ = {isa = PBXFileReference; lastKnownFileType = file; name = "SUITE-Bold.otf"; path = "../../../../Font/SUITE-Bold.otf"; sourceTree = "<group>"; };
		478442B72C76264200C62E89 /* Pretendard-ExtraLight.otf */ = {isa = PBXFileReference; lastKnownFileType = file; name = "Pretendard-ExtraLight.otf"; path = "../../../../Font/Pretendard-ExtraLight.otf"; sourceTree = "<group>"; };
		478442B82C76264300C62E89 /* Pretendard-Light.otf */ = {isa = PBXFileReference; lastKnownFileType = file; name = "Pretendard-Light.otf"; path = "../../../../Font/Pretendard-Light.otf"; sourceTree = "<group>"; };
		478442B92C76264300C62E89 /* SUITE-Light.otf */ = {isa = PBXFileReference; lastKnownFileType = file; name = "SUITE-Light.otf"; path = "../../../../Font/SUITE-Light.otf"; sourceTree = "<group>"; };
		478442CB2C76344000C62E89 /* OnBoardingView.swift */ = {isa = PBXFileReference; lastKnownFileType = sourcecode.swift; path = OnBoardingView.swift; sourceTree = "<group>"; };
		478442CD2C7634A200C62E89 /* OnBoardingPageView.swift */ = {isa = PBXFileReference; lastKnownFileType = sourcecode.swift; path = OnBoardingPageView.swift; sourceTree = "<group>"; };
		4790ECDB2C57EDC9002FCCAF /* Constants.swift */ = {isa = PBXFileReference; lastKnownFileType = sourcecode.swift; path = Constants.swift; sourceTree = "<group>"; };
		4790ECDD2C57F9E5002FCCAF /* HomeView.swift */ = {isa = PBXFileReference; lastKnownFileType = sourcecode.swift; path = HomeView.swift; sourceTree = "<group>"; };
		47A004732C594376000AC842 /* Publisher+.swift */ = {isa = PBXFileReference; lastKnownFileType = sourcecode.swift; path = "Publisher+.swift"; sourceTree = "<group>"; };
		47A7EA762C6276330025594F /* GoogleService-Info.plist */ = {isa = PBXFileReference; fileEncoding = 4; lastKnownFileType = text.plist.xml; path = "GoogleService-Info.plist"; sourceTree = "<group>"; };
		47AA66FA2C6E2FCE007CDD2B /* WebView.swift */ = {isa = PBXFileReference; lastKnownFileType = sourcecode.swift; path = WebView.swift; sourceTree = "<group>"; };
		47D07F932C6461E100F6109F /* SignUpView.swift */ = {isa = PBXFileReference; lastKnownFileType = sourcecode.swift; path = SignUpView.swift; sourceTree = "<group>"; };
		47D07F972C64A8B500F6109F /* SplashView.swift */ = {isa = PBXFileReference; lastKnownFileType = sourcecode.swift; path = SplashView.swift; sourceTree = "<group>"; };
		47D4CEC12C75C8F7005C126B /* TimeInterval+.swift */ = {isa = PBXFileReference; lastKnownFileType = sourcecode.swift; path = "TimeInterval+.swift"; sourceTree = "<group>"; };
		47D72F632C7D76C2001B514D /* Launch Screen.storyboard */ = {isa = PBXFileReference; lastKnownFileType = file.storyboard; path = "Launch Screen.storyboard"; sourceTree = "<group>"; };
		47E0A8C42C51177B009F1BA9 /* TimerViewModel.swift */ = {isa = PBXFileReference; lastKnownFileType = sourcecode.swift; path = TimerViewModel.swift; sourceTree = "<group>"; };
		47E0A8C62C511B72009F1BA9 /* CalendarViewModel.swift */ = {isa = PBXFileReference; lastKnownFileType = sourcecode.swift; path = CalendarViewModel.swift; sourceTree = "<group>"; };
		5E029B592C4157C20091249A /* User.swift */ = {isa = PBXFileReference; lastKnownFileType = sourcecode.swift; path = User.swift; sourceTree = "<group>"; };
		5E029B5E2C4159EC0091249A /* RandomNonceString.swift */ = {isa = PBXFileReference; lastKnownFileType = sourcecode.swift; path = RandomNonceString.swift; sourceTree = "<group>"; };
		5E029B602C415A2D0091249A /* SHA256.swift */ = {isa = PBXFileReference; lastKnownFileType = sourcecode.swift; path = SHA256.swift; sourceTree = "<group>"; };
		5E5B0BD22C3289D500936435 /* UIColor+.swift */ = {isa = PBXFileReference; lastKnownFileType = sourcecode.swift; path = "UIColor+.swift"; sourceTree = "<group>"; };
		5E5B0BD42C328A1000936435 /* CustomText.swift */ = {isa = PBXFileReference; lastKnownFileType = sourcecode.swift; path = CustomText.swift; sourceTree = "<group>"; };
		5E5CD43E2C3698A4002CE244 /* CustomButton.swift */ = {isa = PBXFileReference; lastKnownFileType = sourcecode.swift; path = CustomButton.swift; sourceTree = "<group>"; };
		5E5CD4402C369994002CE244 /* UIScreen+.swift */ = {isa = PBXFileReference; lastKnownFileType = sourcecode.swift; path = "UIScreen+.swift"; sourceTree = "<group>"; };
		5E89D7712C356E5500C9CB71 /* Info.plist */ = {isa = PBXFileReference; lastKnownFileType = text.plist; path = Info.plist; sourceTree = "<group>"; };
		5E89D7992C35855F00C9CB71 /* Font+.swift */ = {isa = PBXFileReference; lastKnownFileType = sourcecode.swift; path = "Font+.swift"; sourceTree = "<group>"; };
		5E8F934C2C416DF300ECE6C5 /* HongikYeolgong2-iOSDebug.entitlements */ = {isa = PBXFileReference; lastKnownFileType = text.plist.entitlements; path = "HongikYeolgong2-iOSDebug.entitlements"; sourceTree = "<group>"; };
		5EE304952C401A160002C49E /* HongikYeolgong2-iOSRelease.entitlements */ = {isa = PBXFileReference; lastKnownFileType = text.plist.entitlements; path = "HongikYeolgong2-iOSRelease.entitlements"; sourceTree = "<group>"; };
		5EE304972C40204E0002C49E /* DIContainer.swift */ = {isa = PBXFileReference; lastKnownFileType = sourcecode.swift; path = DIContainer.swift; sourceTree = "<group>"; };
		5EE3049C2C4022990002C49E /* AuthenticationService.swift */ = {isa = PBXFileReference; lastKnownFileType = sourcecode.swift; path = AuthenticationService.swift; sourceTree = "<group>"; };
		5EE3049F2C4023960002C49E /* InitialView.swift */ = {isa = PBXFileReference; lastKnownFileType = sourcecode.swift; path = InitialView.swift; sourceTree = "<group>"; };
		5EE304A12C4023A40002C49E /* AuthViewModel.swift */ = {isa = PBXFileReference; lastKnownFileType = sourcecode.swift; path = AuthViewModel.swift; sourceTree = "<group>"; };
		8252CCDB2C40396100690D75 /* Calendar.swift */ = {isa = PBXFileReference; lastKnownFileType = sourcecode.swift; path = Calendar.swift; sourceTree = "<group>"; };
		8252CCDD2C40440600690D75 /* CalendarCell.swift */ = {isa = PBXFileReference; lastKnownFileType = sourcecode.swift; path = CalendarCell.swift; sourceTree = "<group>"; };
		8252CCDF2C404A7300690D75 /* Day.swift */ = {isa = PBXFileReference; lastKnownFileType = sourcecode.swift; path = Day.swift; sourceTree = "<group>"; };
		825665782C35202E0018C799 /* MenuViewModel.swift */ = {isa = PBXFileReference; lastKnownFileType = sourcecode.swift; path = MenuViewModel.swift; sourceTree = "<group>"; };
		825668A42C367ED30066B216 /* CustomNavBarModifier.swift */ = {isa = PBXFileReference; lastKnownFileType = sourcecode.swift; path = CustomNavBarModifier.swift; sourceTree = "<group>"; };
		825668A62C367F130066B216 /* View+.swift */ = {isa = PBXFileReference; lastKnownFileType = sourcecode.swift; path = "View+.swift"; sourceTree = "<group>"; };
		825668A82C36855A0066B216 /* UINavigationController+.swift */ = {isa = PBXFileReference; lastKnownFileType = sourcecode.swift; path = "UINavigationController+.swift"; sourceTree = "<group>"; };
		8270C9902C4D48A0000EB06A /* ServiceError.swift */ = {isa = PBXFileReference; fileEncoding = 4; lastKnownFileType = sourcecode.swift; path = ServiceError.swift; sourceTree = "<group>"; };
		8270C9952C4D4AAE000EB06A /* ViewModelType.swift */ = {isa = PBXFileReference; lastKnownFileType = sourcecode.swift; path = ViewModelType.swift; sourceTree = "<group>"; };
		8274CF3A2C33DBC800FBFA9D /* LoginView.swift */ = {isa = PBXFileReference; lastKnownFileType = sourcecode.swift; path = LoginView.swift; sourceTree = "<group>"; };
		8274CF3C2C33DE2300FBFA9D /* MenuView.swift */ = {isa = PBXFileReference; lastKnownFileType = sourcecode.swift; path = MenuView.swift; sourceTree = "<group>"; };
		827C18C62C48FC5100B4AAEA /* CustomPicker.swift */ = {isa = PBXFileReference; lastKnownFileType = sourcecode.swift; path = CustomPicker.swift; sourceTree = "<group>"; };
		828FF2B22C3E71F1001A4ADE /* DialogModifier.swift */ = {isa = PBXFileReference; lastKnownFileType = sourcecode.swift; path = DialogModifier.swift; sourceTree = "<group>"; };
		82AB4F1C2C3EBF5400787B3B /* AlertModifier.swift */ = {isa = PBXFileReference; lastKnownFileType = sourcecode.swift; path = AlertModifier.swift; sourceTree = "<group>"; };
		82AB4F222C3EEE6D00787B3B /* Date+.swift */ = {isa = PBXFileReference; lastKnownFileType = sourcecode.swift; path = "Date+.swift"; sourceTree = "<group>"; };
		82B1FE7A2C3BC567002D9163 /* Quote.swift */ = {isa = PBXFileReference; lastKnownFileType = sourcecode.swift; path = Quote.swift; sourceTree = "<group>"; };
		82B1FE802C3C1755002D9163 /* CustomButton2.swift */ = {isa = PBXFileReference; lastKnownFileType = sourcecode.swift; path = CustomButton2.swift; sourceTree = "<group>"; };
		82B1FE822C3C1BCD002D9163 /* TimeLapse.swift */ = {isa = PBXFileReference; lastKnownFileType = sourcecode.swift; path = TimeLapse.swift; sourceTree = "<group>"; };
		82D4D6102C327BDC00A92327 /* HongikYeolgong2-iOS.app */ = {isa = PBXFileReference; explicitFileType = wrapper.application; includeInIndex = 0; path = "HongikYeolgong2-iOS.app"; sourceTree = BUILT_PRODUCTS_DIR; };
		82D4D6132C327BDC00A92327 /* HongikYeolgong2_iOSApp.swift */ = {isa = PBXFileReference; lastKnownFileType = sourcecode.swift; path = HongikYeolgong2_iOSApp.swift; sourceTree = "<group>"; };
		82D4D6172C327BDF00A92327 /* Assets.xcassets */ = {isa = PBXFileReference; lastKnownFileType = folder.assetcatalog; path = Assets.xcassets; sourceTree = "<group>"; };
		82D4D61A2C327BDF00A92327 /* Preview Assets.xcassets */ = {isa = PBXFileReference; lastKnownFileType = folder.assetcatalog; path = "Preview Assets.xcassets"; sourceTree = "<group>"; };
		82E15A702C48218B004951BE /* DependencyWrapper.swift */ = {isa = PBXFileReference; lastKnownFileType = sourcecode.swift; path = DependencyWrapper.swift; sourceTree = "<group>"; };
/* End PBXFileReference section */

/* Begin PBXFrameworksBuildPhase section */
		82D4D60D2C327BDC00A92327 /* Frameworks */ = {
			isa = PBXFrameworksBuildPhase;
			buildActionMask = 2147483647;
			files = (
				5EE304432C3FDCE40002C49E /* FirebaseDatabase in Frameworks */,
				5EE304512C3FDCE40002C49E /* FirebaseFunctionsCombine-Community in Frameworks */,
				5EE304492C3FDCE40002C49E /* FirebaseFirestore in Frameworks */,
				5EE304352C3FDCE40002C49E /* FirebaseAnalyticsSwift in Frameworks */,
				5EE304312C3FDCE40002C49E /* FirebaseAnalytics in Frameworks */,
				5EE304332C3FDCE40002C49E /* FirebaseAnalyticsOnDeviceConversion in Frameworks */,
				5EE304592C3FDCE40002C49E /* FirebaseMLModelDownloader in Frameworks */,
				5EE3044D2C3FDCE40002C49E /* FirebaseFirestoreSwift in Frameworks */,
				5EE304392C3FDCE40002C49E /* FirebaseAppCheck in Frameworks */,
				5EE304372C3FDCE40002C49E /* FirebaseAnalyticsWithoutAdIdSupport in Frameworks */,
				5EE3043D2C3FDCE40002C49E /* FirebaseAuth in Frameworks */,
				5EE304412C3FDCE40002C49E /* FirebaseCrashlytics in Frameworks */,
				5EE304612C3FDCE40002C49E /* FirebaseRemoteConfigSwift in Frameworks */,
				5EE304532C3FDCE40002C49E /* FirebaseInAppMessaging-Beta in Frameworks */,
				5EE304452C3FDCE40002C49E /* FirebaseDatabaseSwift in Frameworks */,
				5EE3044F2C3FDCE40002C49E /* FirebaseFunctions in Frameworks */,
				5EE304652C3FDCE40002C49E /* FirebaseStorageCombine-Community in Frameworks */,
				5EE3045F2C3FDCE40002C49E /* FirebaseRemoteConfig in Frameworks */,
				5EE3043B2C3FDCE40002C49E /* FirebaseAppDistribution-Beta in Frameworks */,
				5EE3043F2C3FDCE40002C49E /* FirebaseAuthCombine-Community in Frameworks */,
				5EE3045D2C3FDCE40002C49E /* FirebasePerformance in Frameworks */,
				5EE304552C3FDCE40002C49E /* FirebaseInAppMessagingSwift-Beta in Frameworks */,
				5EE304632C3FDCE40002C49E /* FirebaseStorage in Frameworks */,
				5EE304472C3FDCE40002C49E /* FirebaseDynamicLinks in Frameworks */,
				5EE304672C3FDCE40002C49E /* FirebaseVertexAI-Preview in Frameworks */,
				5EE3044B2C3FDCE40002C49E /* FirebaseFirestoreCombine-Community in Frameworks */,
				5EE3045B2C3FDCE40002C49E /* FirebaseMessaging in Frameworks */,
				5EE304572C3FDCE40002C49E /* FirebaseInstallations in Frameworks */,
			);
			runOnlyForDeploymentPostprocessing = 0;
		};
/* End PBXFrameworksBuildPhase section */

/* Begin PBXGroup section */
		473E03722C6AE46C00F3E0FC /* Endpoint */ = {
			isa = PBXGroup;
			children = (
				473E03772C6AF20B00F3E0FC /* Endpoint.swift */,
			);
			path = Endpoint;
			sourceTree = "<group>";
		};
		473E03792C6AFDF500F3E0FC /* Base */ = {
			isa = PBXGroup;
			children = (
				473E03682C6AE0B700F3E0FC /* FirestoreEndpoint.swift */,
				473E036A2C6AE17E00F3E0FC /* FirestoreIdentifiable.swift */,
				473E036C2C6AE1B900F3E0FC /* FirestoreServiceError.swift */,
				473E036E2C6AE1F100F3E0FC /* FirestoreService.swift */,
				473E03702C6AE25900F3E0FC /* FirestoreParser.swift */,
			);
			path = Base;
			sourceTree = "<group>";
		};
		478442CA2C76340F00C62E89 /* OnBoarding */ = {
			isa = PBXGroup;
			children = (
				478442CB2C76344000C62E89 /* OnBoardingView.swift */,
				478442CD2C7634A200C62E89 /* OnBoardingPageView.swift */,
			);
			path = OnBoarding;
			sourceTree = "<group>";
		};
		4786DA232C6AA4ED00A9273D /* Network */ = {
			isa = PBXGroup;
			children = (
				473E03792C6AFDF500F3E0FC /* Base */,
				473E03722C6AE46C00F3E0FC /* Endpoint */,
			);
			path = Network;
			sourceTree = "<group>";
		};
		47D4CEC02C757748005C126B /* Common */ = {
			isa = PBXGroup;
			children = (
				47AA66FA2C6E2FCE007CDD2B /* WebView.swift */,
			);
			path = Common;
			sourceTree = "<group>";
		};
		5E029B5D2C4159680091249A /* Util */ = {
			isa = PBXGroup;
			children = (
				5E029B5E2C4159EC0091249A /* RandomNonceString.swift */,
				5E029B602C415A2D0091249A /* SHA256.swift */,
			);
			path = Util;
			sourceTree = "<group>";
		};
		5E5B0BC42C32866900936435 /* Model */ = {
			isa = PBXGroup;
			children = (
				5E029B592C4157C20091249A /* User.swift */,
				8252CCDF2C404A7300690D75 /* Day.swift */,
				473BF7742C7EC277002B7242 /* WiseSaying.swift */,
			);
			path = Model;
			sourceTree = "<group>";
		};
		5E5B0BC52C32868200936435 /* DesignSystem */ = {
			isa = PBXGroup;
			children = (
				5E5B0BD42C328A1000936435 /* CustomText.swift */,
				5E5CD43E2C3698A4002CE244 /* CustomButton.swift */,
				82B1FE802C3C1755002D9163 /* CustomButton2.swift */,
				827C18C62C48FC5100B4AAEA /* CustomPicker.swift */,
			);
			path = DesignSystem;
			sourceTree = "<group>";
		};
		5E5B0BC62C3286A600936435 /* Extension */ = {
			isa = PBXGroup;
			children = (
				5E89D7992C35855F00C9CB71 /* Font+.swift */,
				5E5B0BD22C3289D500936435 /* UIColor+.swift */,
				5E5CD4402C369994002CE244 /* UIScreen+.swift */,
				825668A62C367F130066B216 /* View+.swift */,
				825668A82C36855A0066B216 /* UINavigationController+.swift */,
				82AB4F222C3EEE6D00787B3B /* Date+.swift */,
				47A004732C594376000AC842 /* Publisher+.swift */,
				47D4CEC12C75C8F7005C126B /* TimeInterval+.swift */,
				4768F20C2C7DA3CC009815FC /* Color+.swift */,
			);
			path = Extension;
			sourceTree = "<group>";
		};
		5E5B0BC72C3286C500936435 /* Font */ = {
			isa = PBXGroup;
			children = (
				478442B52C76264200C62E89 /* Pretendard-Black.otf */,
				478442B12C76264200C62E89 /* Pretendard-Bold.otf */,
				478442B32C76264200C62E89 /* Pretendard-ExtraBold.otf */,
				478442B72C76264200C62E89 /* Pretendard-ExtraLight.otf */,
				478442B82C76264300C62E89 /* Pretendard-Light.otf */,
				478442AF2C76264200C62E89 /* Pretendard-Medium.otf */,
				478442AA2C76264200C62E89 /* Pretendard-Regular.otf */,
				478442B22C76264200C62E89 /* Pretendard-SemiBold.otf */,
				478442B02C76264200C62E89 /* Pretendard-Thin.otf */,
				478442B62C76264200C62E89 /* SUITE-Bold.otf */,
				478442AB2C76264200C62E89 /* SUITE-ExtraBold.otf */,
				478442B42C76264200C62E89 /* SUITE-Heavy.otf */,
				478442B92C76264300C62E89 /* SUITE-Light.otf */,
				478442AC2C76264200C62E89 /* SUITE-Medium.otf */,
				478442AD2C76264200C62E89 /* SUITE-Regular.otf */,
				478442AE2C76264200C62E89 /* SUITE-SemiBold.otf */,
			);
			path = Font;
			sourceTree = "<group>";
		};
		5E5B0BC82C3286EB00936435 /* Scene */ = {
			isa = PBXGroup;
			children = (
				47D4CEC02C757748005C126B /* Common */,
				5E8964E52C47C2E900F342CE /* App */,
				5EE3049E2C40236F0002C49E /* Authentication */,
				5E5B0BCB2C3287A900936435 /* StudyRoom */,
				5E5B0BCE2C32890300936435 /* Menu */,
				5E5B0BC92C32877100936435 /* Login */,
				5E5B0BCA2C32878100936435 /* Splash */,
			);
			path = Scene;
			sourceTree = "<group>";
		};
		5E5B0BC92C32877100936435 /* Login */ = {
			isa = PBXGroup;
			children = (
				478442CA2C76340F00C62E89 /* OnBoarding */,
				8274CF3A2C33DBC800FBFA9D /* LoginView.swift */,
				47D07F932C6461E100F6109F /* SignUpView.swift */,
			);
			path = Login;
			sourceTree = "<group>";
		};
		5E5B0BCA2C32878100936435 /* Splash */ = {
			isa = PBXGroup;
			children = (
				47D07F972C64A8B500F6109F /* SplashView.swift */,
			);
			path = Splash;
			sourceTree = "<group>";
		};
		5E5B0BCB2C3287A900936435 /* StudyRoom */ = {
			isa = PBXGroup;
			children = (
				825665772C351B5A0018C799 /* Calendar */,
				825665762C351B540018C799 /* Ready */,
				825665752C351B170018C799 /* Home */,
			);
			path = StudyRoom;
			sourceTree = "<group>";
		};
		5E5B0BCE2C32890300936435 /* Menu */ = {
			isa = PBXGroup;
			children = (
				8274CF3C2C33DE2300FBFA9D /* MenuView.swift */,
				825665782C35202E0018C799 /* MenuViewModel.swift */,
			);
			path = Menu;
			sourceTree = "<group>";
		};
		5E8964E52C47C2E900F342CE /* App */ = {
			isa = PBXGroup;
			children = (
				82D4D6132C327BDC00A92327 /* HongikYeolgong2_iOSApp.swift */,
				5EE3049F2C4023960002C49E /* InitialView.swift */,
			);
			path = App;
			sourceTree = "<group>";
		};
		5EE304962C4020230002C49E /* General */ = {
			isa = PBXGroup;
			children = (
				82E15A6F2C48216E004951BE /* DIContainer */,
				5E5B0BC62C3286A600936435 /* Extension */,
				825668A12C3672C80066B216 /* Modifiers */,
				8270C9952C4D4AAE000EB06A /* ViewModelType.swift */,
				4790ECDB2C57EDC9002FCCAF /* Constants.swift */,
			);
			path = General;
			sourceTree = "<group>";
		};
		5EE304992C4020900002C49E /* Services */ = {
			isa = PBXGroup;
			children = (
				5EE3049C2C4022990002C49E /* AuthenticationService.swift */,
				475C01132C526D2500FB5556 /* LocalNotificationService.swift */,
				8270C9902C4D48A0000EB06A /* ServiceError.swift */,
				473BF76E2C7E9C17002B7242 /* Haptic.swift */,
				473BF7702C7EB4D0002B7242 /* RemoteConfig.swift */,
			);
			path = Services;
			sourceTree = "<group>";
		};
		5EE3049E2C40236F0002C49E /* Authentication */ = {
			isa = PBXGroup;
			children = (
				5EE304A12C4023A40002C49E /* AuthViewModel.swift */,
			);
			path = Authentication;
			sourceTree = "<group>";
		};
		825665752C351B170018C799 /* Home */ = {
			isa = PBXGroup;
			children = (
				4790ECDD2C57F9E5002FCCAF /* HomeView.swift */,
				47E0A8C42C51177B009F1BA9 /* TimerViewModel.swift */,
				473BF7722C7EC1DF002B7242 /* HomeViewModel.swift */,
			);
			path = Home;
			sourceTree = "<group>";
		};
		825665762C351B540018C799 /* Ready */ = {
			isa = PBXGroup;
			children = (
				82B1FE7A2C3BC567002D9163 /* Quote.swift */,
				82B1FE822C3C1BCD002D9163 /* TimeLapse.swift */,
			);
			path = Ready;
			sourceTree = "<group>";
		};
		825665772C351B5A0018C799 /* Calendar */ = {
			isa = PBXGroup;
			children = (
				8252CCDB2C40396100690D75 /* Calendar.swift */,
				8252CCDD2C40440600690D75 /* CalendarCell.swift */,
				47E0A8C62C511B72009F1BA9 /* CalendarViewModel.swift */,
			);
			path = Calendar;
			sourceTree = "<group>";
		};
		825668A12C3672C80066B216 /* Modifiers */ = {
			isa = PBXGroup;
			children = (
				825668A42C367ED30066B216 /* CustomNavBarModifier.swift */,
				828FF2B22C3E71F1001A4ADE /* DialogModifier.swift */,
				82AB4F1C2C3EBF5400787B3B /* AlertModifier.swift */,
			);
			path = Modifiers;
			sourceTree = "<group>";
		};
		8270C9922C4D48B6000EB06A /* Repository */ = {
			isa = PBXGroup;
			children = (
				473812362C5E622700C86215 /* StudyRoomRepository.swift */,
				477017842C63C9D8003F3702 /* UserRepository.swift */,
			);
			path = Repository;
			sourceTree = "<group>";
		};
		82D4D6072C327BDC00A92327 = {
			isa = PBXGroup;
			children = (
				82D4D6122C327BDC00A92327 /* HongikYeolgong2-iOS */,
				82D4D6112C327BDC00A92327 /* Products */,
			);
			sourceTree = "<group>";
		};
		82D4D6112C327BDC00A92327 /* Products */ = {
			isa = PBXGroup;
			children = (
				82D4D6102C327BDC00A92327 /* HongikYeolgong2-iOS.app */,
			);
			name = Products;
			sourceTree = "<group>";
		};
		82D4D6122C327BDC00A92327 /* HongikYeolgong2-iOS */ = {
			isa = PBXGroup;
			children = (
				5E89D7712C356E5500C9CB71 /* Info.plist */,
				47A7EA762C6276330025594F /* GoogleService-Info.plist */,
				5E8F934C2C416DF300ECE6C5 /* HongikYeolgong2-iOSDebug.entitlements */,
				5EE304952C401A160002C49E /* HongikYeolgong2-iOSRelease.entitlements */,
				82E15A4E2C481D02004951BE /* Resources */,
				4786DA232C6AA4ED00A9273D /* Network */,
				8270C9922C4D48B6000EB06A /* Repository */,
				5E5B0BC42C32866900936435 /* Model */,
				5EE304992C4020900002C49E /* Services */,
				5EE304962C4020230002C49E /* General */,
				5E5B0BC82C3286EB00936435 /* Scene */,
				5E029B5D2C4159680091249A /* Util */,
				5E5B0BC52C32868200936435 /* DesignSystem */,
				47D72F632C7D76C2001B514D /* Launch Screen.storyboard */,
			);
			path = "HongikYeolgong2-iOS";
			sourceTree = "<group>";
		};
		82D4D6192C327BDF00A92327 /* Preview Content */ = {
			isa = PBXGroup;
			children = (
				82D4D61A2C327BDF00A92327 /* Preview Assets.xcassets */,
			);
			path = "Preview Content";
			sourceTree = "<group>";
		};
		82E15A4E2C481D02004951BE /* Resources */ = {
			isa = PBXGroup;
			children = (
				82D4D6172C327BDF00A92327 /* Assets.xcassets */,
				5E5B0BC72C3286C500936435 /* Font */,
				82D4D6192C327BDF00A92327 /* Preview Content */,
			);
			path = Resources;
			sourceTree = "<group>";
		};
		82E15A6F2C48216E004951BE /* DIContainer */ = {
			isa = PBXGroup;
			children = (
				5EE304972C40204E0002C49E /* DIContainer.swift */,
				82E15A702C48218B004951BE /* DependencyWrapper.swift */,
			);
			path = DIContainer;
			sourceTree = "<group>";
		};
/* End PBXGroup section */

/* Begin PBXNativeTarget section */
		82D4D60F2C327BDC00A92327 /* HongikYeolgong2-iOS */ = {
			isa = PBXNativeTarget;
			buildConfigurationList = 82D4D61E2C327BDF00A92327 /* Build configuration list for PBXNativeTarget "HongikYeolgong2-iOS" */;
			buildPhases = (
				82D4D60C2C327BDC00A92327 /* Sources */,
				82D4D60D2C327BDC00A92327 /* Frameworks */,
				82D4D60E2C327BDC00A92327 /* Resources */,
			);
			buildRules = (
			);
			dependencies = (
			);
			name = "HongikYeolgong2-iOS";
			packageProductDependencies = (
				5EE304302C3FDCE40002C49E /* FirebaseAnalytics */,
				5EE304322C3FDCE40002C49E /* FirebaseAnalyticsOnDeviceConversion */,
				5EE304342C3FDCE40002C49E /* FirebaseAnalyticsSwift */,
				5EE304362C3FDCE40002C49E /* FirebaseAnalyticsWithoutAdIdSupport */,
				5EE304382C3FDCE40002C49E /* FirebaseAppCheck */,
				5EE3043A2C3FDCE40002C49E /* FirebaseAppDistribution-Beta */,
				5EE3043C2C3FDCE40002C49E /* FirebaseAuth */,
				5EE3043E2C3FDCE40002C49E /* FirebaseAuthCombine-Community */,
				5EE304402C3FDCE40002C49E /* FirebaseCrashlytics */,
				5EE304422C3FDCE40002C49E /* FirebaseDatabase */,
				5EE304442C3FDCE40002C49E /* FirebaseDatabaseSwift */,
				5EE304462C3FDCE40002C49E /* FirebaseDynamicLinks */,
				5EE304482C3FDCE40002C49E /* FirebaseFirestore */,
				5EE3044A2C3FDCE40002C49E /* FirebaseFirestoreCombine-Community */,
				5EE3044C2C3FDCE40002C49E /* FirebaseFirestoreSwift */,
				5EE3044E2C3FDCE40002C49E /* FirebaseFunctions */,
				5EE304502C3FDCE40002C49E /* FirebaseFunctionsCombine-Community */,
				5EE304522C3FDCE40002C49E /* FirebaseInAppMessaging-Beta */,
				5EE304542C3FDCE40002C49E /* FirebaseInAppMessagingSwift-Beta */,
				5EE304562C3FDCE40002C49E /* FirebaseInstallations */,
				5EE304582C3FDCE40002C49E /* FirebaseMLModelDownloader */,
				5EE3045A2C3FDCE40002C49E /* FirebaseMessaging */,
				5EE3045C2C3FDCE40002C49E /* FirebasePerformance */,
				5EE3045E2C3FDCE40002C49E /* FirebaseRemoteConfig */,
				5EE304602C3FDCE40002C49E /* FirebaseRemoteConfigSwift */,
				5EE304622C3FDCE40002C49E /* FirebaseStorage */,
				5EE304642C3FDCE40002C49E /* FirebaseStorageCombine-Community */,
				5EE304662C3FDCE40002C49E /* FirebaseVertexAI-Preview */,
			);
			productName = "HongikYeolgong2-iOS";
			productReference = 82D4D6102C327BDC00A92327 /* HongikYeolgong2-iOS.app */;
			productType = "com.apple.product-type.application";
		};
/* End PBXNativeTarget section */

/* Begin PBXProject section */
		82D4D6082C327BDC00A92327 /* Project object */ = {
			isa = PBXProject;
			attributes = {
				BuildIndependentTargetsInParallel = 1;
				LastSwiftUpdateCheck = 1530;
				LastUpgradeCheck = 1530;
				TargetAttributes = {
					82D4D60F2C327BDC00A92327 = {
						CreatedOnToolsVersion = 15.3;
					};
				};
			};
			buildConfigurationList = 82D4D60B2C327BDC00A92327 /* Build configuration list for PBXProject "HongikYeolgong2-iOS" */;
			compatibilityVersion = "Xcode 14.0";
			developmentRegion = en;
			hasScannedForEncodings = 0;
			knownRegions = (
				en,
				Base,
			);
			mainGroup = 82D4D6072C327BDC00A92327;
			packageReferences = (
				5EE3042F2C3FDCE40002C49E /* XCRemoteSwiftPackageReference "firebase-ios-sdk" */,
			);
			productRefGroup = 82D4D6112C327BDC00A92327 /* Products */;
			projectDirPath = "";
			projectRoot = "";
			targets = (
				82D4D60F2C327BDC00A92327 /* HongikYeolgong2-iOS */,
			);
		};
/* End PBXProject section */

/* Begin PBXResourcesBuildPhase section */
		82D4D60E2C327BDC00A92327 /* Resources */ = {
			isa = PBXResourcesBuildPhase;
			buildActionMask = 2147483647;
			files = (
				478442C12C76264300C62E89 /* Pretendard-Bold.otf in Resources */,
				82D4D61B2C327BDF00A92327 /* Preview Assets.xcassets in Resources */,
				478442C92C76264300C62E89 /* SUITE-Light.otf in Resources */,
				478442C02C76264300C62E89 /* Pretendard-Thin.otf in Resources */,
				478442C22C76264300C62E89 /* Pretendard-SemiBold.otf in Resources */,
				478442C52C76264300C62E89 /* Pretendard-Black.otf in Resources */,
				478442C42C76264300C62E89 /* SUITE-Heavy.otf in Resources */,
				478442BA2C76264300C62E89 /* Pretendard-Regular.otf in Resources */,
				478442BB2C76264300C62E89 /* SUITE-ExtraBold.otf in Resources */,
				478442BC2C76264300C62E89 /* SUITE-Medium.otf in Resources */,
				478442BD2C76264300C62E89 /* SUITE-Regular.otf in Resources */,
				47A7EA772C6276330025594F /* GoogleService-Info.plist in Resources */,
				478442C32C76264300C62E89 /* Pretendard-ExtraBold.otf in Resources */,
				82D4D6182C327BDF00A92327 /* Assets.xcassets in Resources */,
				478442C62C76264300C62E89 /* SUITE-Bold.otf in Resources */,
				478442BE2C76264300C62E89 /* SUITE-SemiBold.otf in Resources */,
				478442C72C76264300C62E89 /* Pretendard-ExtraLight.otf in Resources */,
				478442BF2C76264300C62E89 /* Pretendard-Medium.otf in Resources */,
				47D72F642C7D76C2001B514D /* Launch Screen.storyboard in Resources */,
				478442C82C76264300C62E89 /* Pretendard-Light.otf in Resources */,
			);
			runOnlyForDeploymentPostprocessing = 0;
		};
/* End PBXResourcesBuildPhase section */

/* Begin PBXSourcesBuildPhase section */
		82D4D60C2C327BDC00A92327 /* Sources */ = {
			isa = PBXSourcesBuildPhase;
			buildActionMask = 2147483647;
			files = (
				5E5CD43F2C3698A4002CE244 /* CustomButton.swift in Sources */,
				473E036F2C6AE1F100F3E0FC /* FirestoreService.swift in Sources */,
				825668A92C36855A0066B216 /* UINavigationController+.swift in Sources */,
				478442CC2C76344000C62E89 /* OnBoardingView.swift in Sources */,
				5E029B5A2C4157C20091249A /* User.swift in Sources */,
				8252CCDC2C40396100690D75 /* Calendar.swift in Sources */,
				8252CCE02C404A7300690D75 /* Day.swift in Sources */,
				47E0A8C72C511B72009F1BA9 /* CalendarViewModel.swift in Sources */,
				82B1FE7B2C3BC567002D9163 /* Quote.swift in Sources */,
				5EE304A22C4023A40002C49E /* AuthViewModel.swift in Sources */,
				47D07F982C64A8B500F6109F /* SplashView.swift in Sources */,
				5EE304982C40204E0002C49E /* DIContainer.swift in Sources */,
				473E03712C6AE25900F3E0FC /* FirestoreParser.swift in Sources */,
				473812372C5E622700C86215 /* StudyRoomRepository.swift in Sources */,
				4790ECDC2C57EDC9002FCCAF /* Constants.swift in Sources */,
				827C18C72C48FC5100B4AAEA /* CustomPicker.swift in Sources */,
				47D4CEC22C75C8F7005C126B /* TimeInterval+.swift in Sources */,
				8270C9912C4D48A0000EB06A /* ServiceError.swift in Sources */,
				825668A52C367ED30066B216 /* CustomNavBarModifier.swift in Sources */,
				825668A72C367F130066B216 /* View+.swift in Sources */,
				4790ECDE2C57F9E5002FCCAF /* HomeView.swift in Sources */,
				47E0A8C52C51177B009F1BA9 /* TimerViewModel.swift in Sources */,
				825665792C35202E0018C799 /* MenuViewModel.swift in Sources */,
				8252CCDE2C40440600690D75 /* CalendarCell.swift in Sources */,
				5E89D79A2C35855F00C9CB71 /* Font+.swift in Sources */,
				473E036B2C6AE17E00F3E0FC /* FirestoreIdentifiable.swift in Sources */,
				82B1FE812C3C1755002D9163 /* CustomButton2.swift in Sources */,
				477017852C63C9D8003F3702 /* UserRepository.swift in Sources */,
				5E5B0BD32C3289D500936435 /* UIColor+.swift in Sources */,
				47D07F942C6461E100F6109F /* SignUpView.swift in Sources */,
				473BF76F2C7E9C17002B7242 /* Haptic.swift in Sources */,
				473BF7712C7EB4D0002B7242 /* RemoteConfig.swift in Sources */,
				82D4D6142C327BDC00A92327 /* HongikYeolgong2_iOSApp.swift in Sources */,
				473E036D2C6AE1B900F3E0FC /* FirestoreServiceError.swift in Sources */,
				473BF7752C7EC277002B7242 /* WiseSaying.swift in Sources */,
				82AB4F232C3EEE6D00787B3B /* Date+.swift in Sources */,
				473E03692C6AE0B700F3E0FC /* FirestoreEndpoint.swift in Sources */,
				5E5CD4412C369994002CE244 /* UIScreen+.swift in Sources */,
				8274CF3D2C33DE2300FBFA9D /* MenuView.swift in Sources */,
				8270C9962C4D4AAE000EB06A /* ViewModelType.swift in Sources */,
				478442CE2C7634A200C62E89 /* OnBoardingPageView.swift in Sources */,
				47A004742C594376000AC842 /* Publisher+.swift in Sources */,
				5EE304A02C4023960002C49E /* InitialView.swift in Sources */,
				5E029B5F2C4159EC0091249A /* RandomNonceString.swift in Sources */,
				47AA66FB2C6E2FCE007CDD2B /* WebView.swift in Sources */,
				473E03782C6AF20B00F3E0FC /* Endpoint.swift in Sources */,
				828FF2B32C3E71F1001A4ADE /* DialogModifier.swift in Sources */,
				4768F20D2C7DA3CC009815FC /* Color+.swift in Sources */,
				5E029B612C415A2D0091249A /* SHA256.swift in Sources */,
				8274CF3B2C33DBC800FBFA9D /* LoginView.swift in Sources */,
				82AB4F1D2C3EBF5400787B3B /* AlertModifier.swift in Sources */,
				475C01142C526D2500FB5556 /* LocalNotificationService.swift in Sources */,
				473BF7732C7EC1DF002B7242 /* HomeViewModel.swift in Sources */,
				82B1FE832C3C1BCD002D9163 /* TimeLapse.swift in Sources */,
				5E5B0BD52C328A1000936435 /* CustomText.swift in Sources */,
				82E15A712C48218B004951BE /* DependencyWrapper.swift in Sources */,
				5EE3049D2C4022990002C49E /* AuthenticationService.swift in Sources */,
			);
			runOnlyForDeploymentPostprocessing = 0;
		};
/* End PBXSourcesBuildPhase section */

/* Begin XCBuildConfiguration section */
		82D4D61C2C327BDF00A92327 /* Debug */ = {
			isa = XCBuildConfiguration;
			buildSettings = {
				ALWAYS_SEARCH_USER_PATHS = NO;
				ASSETCATALOG_COMPILER_GENERATE_SWIFT_ASSET_SYMBOL_EXTENSIONS = YES;
				CLANG_ANALYZER_NONNULL = YES;
				CLANG_ANALYZER_NUMBER_OBJECT_CONVERSION = YES_AGGRESSIVE;
				CLANG_CXX_LANGUAGE_STANDARD = "gnu++20";
				CLANG_ENABLE_MODULES = YES;
				CLANG_ENABLE_OBJC_ARC = YES;
				CLANG_ENABLE_OBJC_WEAK = YES;
				CLANG_WARN_BLOCK_CAPTURE_AUTORELEASING = YES;
				CLANG_WARN_BOOL_CONVERSION = YES;
				CLANG_WARN_COMMA = YES;
				CLANG_WARN_CONSTANT_CONVERSION = YES;
				CLANG_WARN_DEPRECATED_OBJC_IMPLEMENTATIONS = YES;
				CLANG_WARN_DIRECT_OBJC_ISA_USAGE = YES_ERROR;
				CLANG_WARN_DOCUMENTATION_COMMENTS = YES;
				CLANG_WARN_EMPTY_BODY = YES;
				CLANG_WARN_ENUM_CONVERSION = YES;
				CLANG_WARN_INFINITE_RECURSION = YES;
				CLANG_WARN_INT_CONVERSION = YES;
				CLANG_WARN_NON_LITERAL_NULL_CONVERSION = YES;
				CLANG_WARN_OBJC_IMPLICIT_RETAIN_SELF = YES;
				CLANG_WARN_OBJC_LITERAL_CONVERSION = YES;
				CLANG_WARN_OBJC_ROOT_CLASS = YES_ERROR;
				CLANG_WARN_QUOTED_INCLUDE_IN_FRAMEWORK_HEADER = YES;
				CLANG_WARN_RANGE_LOOP_ANALYSIS = YES;
				CLANG_WARN_STRICT_PROTOTYPES = YES;
				CLANG_WARN_SUSPICIOUS_MOVE = YES;
				CLANG_WARN_UNGUARDED_AVAILABILITY = YES_AGGRESSIVE;
				CLANG_WARN_UNREACHABLE_CODE = YES;
				CLANG_WARN__DUPLICATE_METHOD_MATCH = YES;
				COPY_PHASE_STRIP = NO;
				DEBUG_INFORMATION_FORMAT = dwarf;
				ENABLE_STRICT_OBJC_MSGSEND = YES;
				ENABLE_TESTABILITY = YES;
				ENABLE_USER_SCRIPT_SANDBOXING = YES;
				GCC_C_LANGUAGE_STANDARD = gnu17;
				GCC_DYNAMIC_NO_PIC = NO;
				GCC_NO_COMMON_BLOCKS = YES;
				GCC_OPTIMIZATION_LEVEL = 0;
				GCC_PREPROCESSOR_DEFINITIONS = (
					"DEBUG=1",
					"$(inherited)",
				);
				GCC_WARN_64_TO_32_BIT_CONVERSION = YES;
				GCC_WARN_ABOUT_RETURN_TYPE = YES_ERROR;
				GCC_WARN_UNDECLARED_SELECTOR = YES;
				GCC_WARN_UNINITIALIZED_AUTOS = YES_AGGRESSIVE;
				GCC_WARN_UNUSED_FUNCTION = YES;
				GCC_WARN_UNUSED_VARIABLE = YES;
				IPHONEOS_DEPLOYMENT_TARGET = 16.0;
				LOCALIZATION_PREFERS_STRING_CATALOGS = YES;
				MTL_ENABLE_DEBUG_INFO = INCLUDE_SOURCE;
				MTL_FAST_MATH = YES;
				ONLY_ACTIVE_ARCH = YES;
				SDKROOT = iphoneos;
				SWIFT_ACTIVE_COMPILATION_CONDITIONS = "DEBUG $(inherited)";
				SWIFT_OPTIMIZATION_LEVEL = "-Onone";
			};
			name = Debug;
		};
		82D4D61D2C327BDF00A92327 /* Release */ = {
			isa = XCBuildConfiguration;
			buildSettings = {
				ALWAYS_SEARCH_USER_PATHS = NO;
				ASSETCATALOG_COMPILER_GENERATE_SWIFT_ASSET_SYMBOL_EXTENSIONS = YES;
				CLANG_ANALYZER_NONNULL = YES;
				CLANG_ANALYZER_NUMBER_OBJECT_CONVERSION = YES_AGGRESSIVE;
				CLANG_CXX_LANGUAGE_STANDARD = "gnu++20";
				CLANG_ENABLE_MODULES = YES;
				CLANG_ENABLE_OBJC_ARC = YES;
				CLANG_ENABLE_OBJC_WEAK = YES;
				CLANG_WARN_BLOCK_CAPTURE_AUTORELEASING = YES;
				CLANG_WARN_BOOL_CONVERSION = YES;
				CLANG_WARN_COMMA = YES;
				CLANG_WARN_CONSTANT_CONVERSION = YES;
				CLANG_WARN_DEPRECATED_OBJC_IMPLEMENTATIONS = YES;
				CLANG_WARN_DIRECT_OBJC_ISA_USAGE = YES_ERROR;
				CLANG_WARN_DOCUMENTATION_COMMENTS = YES;
				CLANG_WARN_EMPTY_BODY = YES;
				CLANG_WARN_ENUM_CONVERSION = YES;
				CLANG_WARN_INFINITE_RECURSION = YES;
				CLANG_WARN_INT_CONVERSION = YES;
				CLANG_WARN_NON_LITERAL_NULL_CONVERSION = YES;
				CLANG_WARN_OBJC_IMPLICIT_RETAIN_SELF = YES;
				CLANG_WARN_OBJC_LITERAL_CONVERSION = YES;
				CLANG_WARN_OBJC_ROOT_CLASS = YES_ERROR;
				CLANG_WARN_QUOTED_INCLUDE_IN_FRAMEWORK_HEADER = YES;
				CLANG_WARN_RANGE_LOOP_ANALYSIS = YES;
				CLANG_WARN_STRICT_PROTOTYPES = YES;
				CLANG_WARN_SUSPICIOUS_MOVE = YES;
				CLANG_WARN_UNGUARDED_AVAILABILITY = YES_AGGRESSIVE;
				CLANG_WARN_UNREACHABLE_CODE = YES;
				CLANG_WARN__DUPLICATE_METHOD_MATCH = YES;
				COPY_PHASE_STRIP = NO;
				DEBUG_INFORMATION_FORMAT = "dwarf-with-dsym";
				ENABLE_NS_ASSERTIONS = NO;
				ENABLE_STRICT_OBJC_MSGSEND = YES;
				ENABLE_USER_SCRIPT_SANDBOXING = YES;
				GCC_C_LANGUAGE_STANDARD = gnu17;
				GCC_NO_COMMON_BLOCKS = YES;
				GCC_WARN_64_TO_32_BIT_CONVERSION = YES;
				GCC_WARN_ABOUT_RETURN_TYPE = YES_ERROR;
				GCC_WARN_UNDECLARED_SELECTOR = YES;
				GCC_WARN_UNINITIALIZED_AUTOS = YES_AGGRESSIVE;
				GCC_WARN_UNUSED_FUNCTION = YES;
				GCC_WARN_UNUSED_VARIABLE = YES;
				IPHONEOS_DEPLOYMENT_TARGET = 16.0;
				LOCALIZATION_PREFERS_STRING_CATALOGS = YES;
				MTL_ENABLE_DEBUG_INFO = NO;
				MTL_FAST_MATH = YES;
				SDKROOT = iphoneos;
				SWIFT_COMPILATION_MODE = wholemodule;
				VALIDATE_PRODUCT = YES;
			};
			name = Release;
		};
		82D4D61F2C327BDF00A92327 /* Debug */ = {
			isa = XCBuildConfiguration;
			buildSettings = {
				ASSETCATALOG_COMPILER_APPICON_NAME = AppIcon;
				ASSETCATALOG_COMPILER_GLOBAL_ACCENT_COLOR_NAME = AccentColor;
				ASSETCATALOG_COMPILER_INCLUDE_ALL_APPICON_ASSETS = NO;
				CODE_SIGN_ENTITLEMENTS = "HongikYeolgong2-iOS/HongikYeolgong2-iOSDebug.entitlements";
				CODE_SIGN_IDENTITY = "Apple Development";
				"CODE_SIGN_IDENTITY[sdk=iphoneos*]" = "iPhone Developer";
				CODE_SIGN_STYLE = Manual;
				CURRENT_PROJECT_VERSION = 1.0.7;
				DEVELOPMENT_ASSET_PATHS = "\"HongikYeolgong2-iOS/Resources/Preview Content\"";
				DEVELOPMENT_TEAM = "";
				"DEVELOPMENT_TEAM[sdk=iphoneos*]" = P4D4ZQC4YF;
				ENABLE_PREVIEWS = YES;
				GENERATE_INFOPLIST_FILE = YES;
				INFOPLIST_FILE = "HongikYeolgong2-iOS/Info.plist";
				INFOPLIST_KEY_CFBundleDisplayName = "홍익열공이";
				INFOPLIST_KEY_UIApplicationSceneManifest_Generation = YES;
				INFOPLIST_KEY_UIApplicationSupportsIndirectInputEvents = YES;
				INFOPLIST_KEY_UILaunchStoryboardName = "Launch Screen.storyboard";
				INFOPLIST_KEY_UIStatusBarHidden = NO;
				INFOPLIST_KEY_UISupportedInterfaceOrientations = UIInterfaceOrientationPortrait;
				INFOPLIST_KEY_UISupportedInterfaceOrientations_iPad = "UIInterfaceOrientationLandscapeLeft UIInterfaceOrientationLandscapeRight UIInterfaceOrientationPortrait UIInterfaceOrientationPortraitUpsideDown";
				IPHONEOS_DEPLOYMENT_TARGET = 16.0;
				LD_RUNPATH_SEARCH_PATHS = (
					"$(inherited)",
					"@executable_path/Frameworks",
				);
				MARKETING_VERSION = 1.0;
				PRODUCT_BUNDLE_IDENTIFIER = com.teamHY2.HongikYeolgong2;
				PRODUCT_NAME = "$(TARGET_NAME)";
				PROVISIONING_PROFILE_SPECIFIER = "";
				"PROVISIONING_PROFILE_SPECIFIER[sdk=iphoneos*]" = hy2_Development;
				SUPPORTED_PLATFORMS = "iphoneos iphonesimulator";
				SUPPORTS_MACCATALYST = NO;
				SUPPORTS_MAC_DESIGNED_FOR_IPHONE_IPAD = NO;
				SUPPORTS_XR_DESIGNED_FOR_IPHONE_IPAD = NO;
				SWIFT_EMIT_LOC_STRINGS = YES;
				SWIFT_VERSION = 5.0;
				TARGETED_DEVICE_FAMILY = 1;
			};
			name = Debug;
		};
		82D4D6202C327BDF00A92327 /* Release */ = {
			isa = XCBuildConfiguration;
			buildSettings = {
				ASSETCATALOG_COMPILER_APPICON_NAME = AppIcon;
				ASSETCATALOG_COMPILER_GLOBAL_ACCENT_COLOR_NAME = AccentColor;
				ASSETCATALOG_COMPILER_INCLUDE_ALL_APPICON_ASSETS = NO;
				CODE_SIGN_ENTITLEMENTS = "HongikYeolgong2-iOS/HongikYeolgong2-iOSRelease.entitlements";
				CODE_SIGN_IDENTITY = "Apple Development";
				"CODE_SIGN_IDENTITY[sdk=iphoneos*]" = "iPhone Developer";
				CODE_SIGN_STYLE = Manual;
				CURRENT_PROJECT_VERSION = 1.0.7;
				DEVELOPMENT_ASSET_PATHS = "\"HongikYeolgong2-iOS/Resources/Preview Content\"";
				DEVELOPMENT_TEAM = "";
				"DEVELOPMENT_TEAM[sdk=iphoneos*]" = P4D4ZQC4YF;
				ENABLE_PREVIEWS = YES;
				GENERATE_INFOPLIST_FILE = YES;
				INFOPLIST_FILE = "HongikYeolgong2-iOS/Info.plist";
				INFOPLIST_KEY_CFBundleDisplayName = "홍익열공이";
				INFOPLIST_KEY_UIApplicationSceneManifest_Generation = YES;
				INFOPLIST_KEY_UIApplicationSupportsIndirectInputEvents = YES;
				INFOPLIST_KEY_UILaunchStoryboardName = "Launch Screen.storyboard";
				INFOPLIST_KEY_UIStatusBarHidden = NO;
				INFOPLIST_KEY_UISupportedInterfaceOrientations = UIInterfaceOrientationPortrait;
				INFOPLIST_KEY_UISupportedInterfaceOrientations_iPad = "UIInterfaceOrientationLandscapeLeft UIInterfaceOrientationLandscapeRight UIInterfaceOrientationPortrait UIInterfaceOrientationPortraitUpsideDown";
				IPHONEOS_DEPLOYMENT_TARGET = 16.0;
				LD_RUNPATH_SEARCH_PATHS = (
					"$(inherited)",
					"@executable_path/Frameworks",
				);
				MARKETING_VERSION = 1.0;
				PRODUCT_BUNDLE_IDENTIFIER = com.teamHY2.HongikYeolgong2;
				PRODUCT_NAME = "$(TARGET_NAME)";
				PROVISIONING_PROFILE_SPECIFIER = "";
				"PROVISIONING_PROFILE_SPECIFIER[sdk=iphoneos*]" = hy2_Development;
				SUPPORTED_PLATFORMS = "iphoneos iphonesimulator";
				SUPPORTS_MACCATALYST = NO;
				SUPPORTS_MAC_DESIGNED_FOR_IPHONE_IPAD = NO;
				SUPPORTS_XR_DESIGNED_FOR_IPHONE_IPAD = NO;
				SWIFT_EMIT_LOC_STRINGS = YES;
				SWIFT_VERSION = 5.0;
				TARGETED_DEVICE_FAMILY = 1;
			};
			name = Release;
		};
/* End XCBuildConfiguration section */

/* Begin XCConfigurationList section */
		82D4D60B2C327BDC00A92327 /* Build configuration list for PBXProject "HongikYeolgong2-iOS" */ = {
			isa = XCConfigurationList;
			buildConfigurations = (
				82D4D61C2C327BDF00A92327 /* Debug */,
				82D4D61D2C327BDF00A92327 /* Release */,
			);
			defaultConfigurationIsVisible = 0;
			defaultConfigurationName = Release;
		};
		82D4D61E2C327BDF00A92327 /* Build configuration list for PBXNativeTarget "HongikYeolgong2-iOS" */ = {
			isa = XCConfigurationList;
			buildConfigurations = (
				82D4D61F2C327BDF00A92327 /* Debug */,
				82D4D6202C327BDF00A92327 /* Release */,
			);
			defaultConfigurationIsVisible = 0;
			defaultConfigurationName = Release;
		};
/* End XCConfigurationList section */

/* Begin XCRemoteSwiftPackageReference section */
		5EE3042F2C3FDCE40002C49E /* XCRemoteSwiftPackageReference "firebase-ios-sdk" */ = {
			isa = XCRemoteSwiftPackageReference;
			repositoryURL = "https://github.com/firebase/firebase-ios-sdk";
			requirement = {
				kind = upToNextMajorVersion;
				minimumVersion = 10.29.0;
			};
		};
/* End XCRemoteSwiftPackageReference section */

/* Begin XCSwiftPackageProductDependency section */
		5EE304302C3FDCE40002C49E /* FirebaseAnalytics */ = {
			isa = XCSwiftPackageProductDependency;
			package = 5EE3042F2C3FDCE40002C49E /* XCRemoteSwiftPackageReference "firebase-ios-sdk" */;
			productName = FirebaseAnalytics;
		};
		5EE304322C3FDCE40002C49E /* FirebaseAnalyticsOnDeviceConversion */ = {
			isa = XCSwiftPackageProductDependency;
			package = 5EE3042F2C3FDCE40002C49E /* XCRemoteSwiftPackageReference "firebase-ios-sdk" */;
			productName = FirebaseAnalyticsOnDeviceConversion;
		};
		5EE304342C3FDCE40002C49E /* FirebaseAnalyticsSwift */ = {
			isa = XCSwiftPackageProductDependency;
			package = 5EE3042F2C3FDCE40002C49E /* XCRemoteSwiftPackageReference "firebase-ios-sdk" */;
			productName = FirebaseAnalyticsSwift;
		};
		5EE304362C3FDCE40002C49E /* FirebaseAnalyticsWithoutAdIdSupport */ = {
			isa = XCSwiftPackageProductDependency;
			package = 5EE3042F2C3FDCE40002C49E /* XCRemoteSwiftPackageReference "firebase-ios-sdk" */;
			productName = FirebaseAnalyticsWithoutAdIdSupport;
		};
		5EE304382C3FDCE40002C49E /* FirebaseAppCheck */ = {
			isa = XCSwiftPackageProductDependency;
			package = 5EE3042F2C3FDCE40002C49E /* XCRemoteSwiftPackageReference "firebase-ios-sdk" */;
			productName = FirebaseAppCheck;
		};
		5EE3043A2C3FDCE40002C49E /* FirebaseAppDistribution-Beta */ = {
			isa = XCSwiftPackageProductDependency;
			package = 5EE3042F2C3FDCE40002C49E /* XCRemoteSwiftPackageReference "firebase-ios-sdk" */;
			productName = "FirebaseAppDistribution-Beta";
		};
		5EE3043C2C3FDCE40002C49E /* FirebaseAuth */ = {
			isa = XCSwiftPackageProductDependency;
			package = 5EE3042F2C3FDCE40002C49E /* XCRemoteSwiftPackageReference "firebase-ios-sdk" */;
			productName = FirebaseAuth;
		};
		5EE3043E2C3FDCE40002C49E /* FirebaseAuthCombine-Community */ = {
			isa = XCSwiftPackageProductDependency;
			package = 5EE3042F2C3FDCE40002C49E /* XCRemoteSwiftPackageReference "firebase-ios-sdk" */;
			productName = "FirebaseAuthCombine-Community";
		};
		5EE304402C3FDCE40002C49E /* FirebaseCrashlytics */ = {
			isa = XCSwiftPackageProductDependency;
			package = 5EE3042F2C3FDCE40002C49E /* XCRemoteSwiftPackageReference "firebase-ios-sdk" */;
			productName = FirebaseCrashlytics;
		};
		5EE304422C3FDCE40002C49E /* FirebaseDatabase */ = {
			isa = XCSwiftPackageProductDependency;
			package = 5EE3042F2C3FDCE40002C49E /* XCRemoteSwiftPackageReference "firebase-ios-sdk" */;
			productName = FirebaseDatabase;
		};
		5EE304442C3FDCE40002C49E /* FirebaseDatabaseSwift */ = {
			isa = XCSwiftPackageProductDependency;
			package = 5EE3042F2C3FDCE40002C49E /* XCRemoteSwiftPackageReference "firebase-ios-sdk" */;
			productName = FirebaseDatabaseSwift;
		};
		5EE304462C3FDCE40002C49E /* FirebaseDynamicLinks */ = {
			isa = XCSwiftPackageProductDependency;
			package = 5EE3042F2C3FDCE40002C49E /* XCRemoteSwiftPackageReference "firebase-ios-sdk" */;
			productName = FirebaseDynamicLinks;
		};
		5EE304482C3FDCE40002C49E /* FirebaseFirestore */ = {
			isa = XCSwiftPackageProductDependency;
			package = 5EE3042F2C3FDCE40002C49E /* XCRemoteSwiftPackageReference "firebase-ios-sdk" */;
			productName = FirebaseFirestore;
		};
		5EE3044A2C3FDCE40002C49E /* FirebaseFirestoreCombine-Community */ = {
			isa = XCSwiftPackageProductDependency;
			package = 5EE3042F2C3FDCE40002C49E /* XCRemoteSwiftPackageReference "firebase-ios-sdk" */;
			productName = "FirebaseFirestoreCombine-Community";
		};
		5EE3044C2C3FDCE40002C49E /* FirebaseFirestoreSwift */ = {
			isa = XCSwiftPackageProductDependency;
			package = 5EE3042F2C3FDCE40002C49E /* XCRemoteSwiftPackageReference "firebase-ios-sdk" */;
			productName = FirebaseFirestoreSwift;
		};
		5EE3044E2C3FDCE40002C49E /* FirebaseFunctions */ = {
			isa = XCSwiftPackageProductDependency;
			package = 5EE3042F2C3FDCE40002C49E /* XCRemoteSwiftPackageReference "firebase-ios-sdk" */;
			productName = FirebaseFunctions;
		};
		5EE304502C3FDCE40002C49E /* FirebaseFunctionsCombine-Community */ = {
			isa = XCSwiftPackageProductDependency;
			package = 5EE3042F2C3FDCE40002C49E /* XCRemoteSwiftPackageReference "firebase-ios-sdk" */;
			productName = "FirebaseFunctionsCombine-Community";
		};
		5EE304522C3FDCE40002C49E /* FirebaseInAppMessaging-Beta */ = {
			isa = XCSwiftPackageProductDependency;
			package = 5EE3042F2C3FDCE40002C49E /* XCRemoteSwiftPackageReference "firebase-ios-sdk" */;
			productName = "FirebaseInAppMessaging-Beta";
		};
		5EE304542C3FDCE40002C49E /* FirebaseInAppMessagingSwift-Beta */ = {
			isa = XCSwiftPackageProductDependency;
			package = 5EE3042F2C3FDCE40002C49E /* XCRemoteSwiftPackageReference "firebase-ios-sdk" */;
			productName = "FirebaseInAppMessagingSwift-Beta";
		};
		5EE304562C3FDCE40002C49E /* FirebaseInstallations */ = {
			isa = XCSwiftPackageProductDependency;
			package = 5EE3042F2C3FDCE40002C49E /* XCRemoteSwiftPackageReference "firebase-ios-sdk" */;
			productName = FirebaseInstallations;
		};
		5EE304582C3FDCE40002C49E /* FirebaseMLModelDownloader */ = {
			isa = XCSwiftPackageProductDependency;
			package = 5EE3042F2C3FDCE40002C49E /* XCRemoteSwiftPackageReference "firebase-ios-sdk" */;
			productName = FirebaseMLModelDownloader;
		};
		5EE3045A2C3FDCE40002C49E /* FirebaseMessaging */ = {
			isa = XCSwiftPackageProductDependency;
			package = 5EE3042F2C3FDCE40002C49E /* XCRemoteSwiftPackageReference "firebase-ios-sdk" */;
			productName = FirebaseMessaging;
		};
		5EE3045C2C3FDCE40002C49E /* FirebasePerformance */ = {
			isa = XCSwiftPackageProductDependency;
			package = 5EE3042F2C3FDCE40002C49E /* XCRemoteSwiftPackageReference "firebase-ios-sdk" */;
			productName = FirebasePerformance;
		};
		5EE3045E2C3FDCE40002C49E /* FirebaseRemoteConfig */ = {
			isa = XCSwiftPackageProductDependency;
			package = 5EE3042F2C3FDCE40002C49E /* XCRemoteSwiftPackageReference "firebase-ios-sdk" */;
			productName = FirebaseRemoteConfig;
		};
		5EE304602C3FDCE40002C49E /* FirebaseRemoteConfigSwift */ = {
			isa = XCSwiftPackageProductDependency;
			package = 5EE3042F2C3FDCE40002C49E /* XCRemoteSwiftPackageReference "firebase-ios-sdk" */;
			productName = FirebaseRemoteConfigSwift;
		};
		5EE304622C3FDCE40002C49E /* FirebaseStorage */ = {
			isa = XCSwiftPackageProductDependency;
			package = 5EE3042F2C3FDCE40002C49E /* XCRemoteSwiftPackageReference "firebase-ios-sdk" */;
			productName = FirebaseStorage;
		};
		5EE304642C3FDCE40002C49E /* FirebaseStorageCombine-Community */ = {
			isa = XCSwiftPackageProductDependency;
			package = 5EE3042F2C3FDCE40002C49E /* XCRemoteSwiftPackageReference "firebase-ios-sdk" */;
			productName = "FirebaseStorageCombine-Community";
		};
		5EE304662C3FDCE40002C49E /* FirebaseVertexAI-Preview */ = {
			isa = XCSwiftPackageProductDependency;
			package = 5EE3042F2C3FDCE40002C49E /* XCRemoteSwiftPackageReference "firebase-ios-sdk" */;
			productName = "FirebaseVertexAI-Preview";
		};
/* End XCSwiftPackageProductDependency section */
	};
	rootObject = 82D4D6082C327BDC00A92327 /* Project object */;
}
